
Microsoft Visual Studio Solution File, Format Version 12.00
# Visual Studio Version 17
VisualStudioVersion = 17.3.32922.545
MinimumVisualStudioVersion = 10.0.40219.1
Project("{FAE04EC0-301F-11D3-BF4B-00C04F79EFBC}") = "Collabim.CustomSearch.Web", "Collabim.CustomSearch.Web\Collabim.CustomSearch.Web.csproj", "{8AF9991F-5364-440E-9569-3228907A5349}"
EndProject
Project("{FAE04EC0-301F-11D3-BF4B-00C04F79EFBC}") = "Collabim.CustomSearch.Business", "Collabim.CustomSearch.Business\Collabim.CustomSearch.Business.csproj", "{B820C937-E497-4313-AB65-CCFA63974C1A}"
EndProject
Global
	GlobalSection(SolutionConfigurationPlatforms) = preSolution
		Debug|Any CPU = Debug|Any CPU
		Release|Any CPU = Release|Any CPU
	EndGlobalSection
	GlobalSection(ProjectConfigurationPlatforms) = postSolution
		{8AF9991F-5364-440E-9569-3228907A5349}.Debug|Any CPU.ActiveCfg = Debug|Any CPU
		{8AF9991F-5364-440E-9569-3228907A5349}.Debug|Any CPU.Build.0 = Debug|Any CPU
		{8AF9991F-5364-440E-9569-3228907A5349}.Release|Any CPU.ActiveCfg = Release|Any CPU
		{8AF9991F-5364-440E-9569-3228907A5349}.Release|Any CPU.Build.0 = Release|Any CPU
		{B820C937-E497-4313-AB65-CCFA63974C1A}.Debug|Any CPU.ActiveCfg = Debug|Any CPU
		{B820C937-E497-4313-AB65-CCFA63974C1A}.Debug|Any CPU.Build.0 = Debug|Any CPU
		{B820C937-E497-4313-AB65-CCFA63974C1A}.Release|Any CPU.ActiveCfg = Release|Any CPU
		{B820C937-E497-4313-AB65-CCFA63974C1A}.Release|Any CPU.Build.0 = Release|Any CPU
	EndGlobalSection
	GlobalSection(SolutionProperties) = preSolution
		HideSolutionNode = FALSE
	EndGlobalSection
	GlobalSection(ExtensibilityGlobals) = postSolution
		SolutionGuid = {7D8451AA-9416-4B06-95E1-E46476C79DD6}
	EndGlobalSection
EndGlobal
